<?xml version="1.0" encoding="utf-8"?>
<Project ToolsVersion="4.0" xmlns="http://schemas.microsoft.com/developer/msbuild/2003">
  <ItemGroup>
    <Filter Include="config">
      <UniqueIdentifier>{7B6CE4F6-670E-0FCD-50C9-22213C0A961D}</UniqueIdentifier>
    </Filter>
    <Filter Include="events">
      <UniqueIdentifier>{5A9D08FC-463F-33D2-2FFA-46261B3BBA22}</UniqueIdentifier>
    </Filter>
    <Filter Include="view">
      <UniqueIdentifier>{60909F7C-4CC7-A00D-F5B3-8610E1C91C0F}</UniqueIdentifier>
    </Filter>
  </ItemGroup>
  <ItemGroup>
    <ClInclude Include="source\Logger.h" />
    <ClInclude Include="source\Macros.h" />
    <ClInclude Include="source\Threadable.h" />
    <ClInclude Include="source\Tickable.h" />
    <ClInclude Include="source\V3.h" />
    <ClInclude Include="source\config\ConfigLayer.h">
      <Filter>config</Filter>
    </ClInclude>
    <ClInclude Include="source\events\ConfigChangedEvent.h">
      <Filter>events</Filter>
    </ClInclude>
    <ClInclude Include="source\events\EventLayer.h">
      <Filter>events</Filter>
    </ClInclude>
    <ClInclude Include="source\events\EventListener.h">
      <Filter>events</Filter>
    </ClInclude>
    <ClInclude Include="source\view\ViewLayer.h">
      <Filter>view</Filter>
    </ClInclude>
    <ClInclude Include="source\util\FileUtils.h" />
  </ItemGroup>
  <ItemGroup>
    <ClCompile Include="source\Logger.cpp" />
    <ClCompile Include="source\V3.cpp" />
    <ClCompile Include="source\config\ConfigLayer.cpp">
      <Filter>config</Filter>
    </ClCompile>
    <ClCompile Include="source\events\EventLayer.cpp">
      <Filter>events</Filter>
    </ClCompile>
    <ClCompile Include="source\view\ViewLayer.cpp">
      <Filter>view</Filter>
    </ClCompile>
  </ItemGroup>
</Project>